
Microsoft Visual Studio Solution File, Format Version 12.00
# Visual Studio Version 17
VisualStudioVersion = 17.7.34302.85
MinimumVisualStudioVersion = 10.0.40219.1
Project("{FAE04EC0-301F-11D3-BF4B-00C04F79EFBC}") = "DailyLogg", "DailyLogg\DailyLogg.csproj", "{9E56E607-A5C6-4778-90C0-50382BC5FA7D}"
EndProject
Global
	GlobalSection(SolutionConfigurationPlatforms) = preSolution
		Debug|Any CPU = Debug|Any CPU
		Release|Any CPU = Release|Any CPU
	EndGlobalSection
	GlobalSection(ProjectConfigurationPlatforms) = postSolution
		{9E56E607-A5C6-4778-90C0-50382BC5FA7D}.Debug|Any CPU.ActiveCfg = Debug|Any CPU
		{9E56E607-A5C6-4778-90C0-50382BC5FA7D}.Debug|Any CPU.Build.0 = Debug|Any CPU
		{9E56E607-A5C6-4778-90C0-50382BC5FA7D}.Release|Any CPU.ActiveCfg = Release|Any CPU
		{9E56E607-A5C6-4778-90C0-50382BC5FA7D}.Release|Any CPU.Build.0 = Release|Any CPU
	EndGlobalSection
	GlobalSection(SolutionProperties) = preSolution
		HideSolutionNode = FALSE
	EndGlobalSection
	GlobalSection(ExtensibilityGlobals) = postSolution
		SolutionGuid = {A5DEF4AD-75CA-4911-902D-C7AA76FE4EEA}
	EndGlobalSection
EndGlobal
